
Microsoft Visual Studio Solution File, Format Version 12.00
# Visual Studio 14
VisualStudioVersion = 14.0.25420.1
MinimumVisualStudioVersion = 10.0.40219.1
Project("{FAE04EC0-301F-11D3-BF4B-00C04F79EFBC}") = "CERicardito", "CERicardito\CERicardito.csproj", "{1DB21233-27A9-4131-AC0E-D82F0B302DD1}"
EndProject
Project("{E24C65DC-7377-472B-9ABA-BC803B73C61A}") = "EC-Grocery Store", "..\..\..\..\..\..\..\xampp\htdocs\Plantillas Exlusivas\EC-Grocery Store\", "{95004B4D-BDD8-472C-A2A2-2762FC460C3C}"
	ProjectSection(WebsiteProperties) = preProject
		TargetFrameworkMoniker = ".NETFramework,Version%3Dv4.0"
		Debug.AspNetCompiler.VirtualPath = "/localhost_2961"
		Debug.AspNetCompiler.PhysicalPath = "..\..\..\..\..\..\..\xampp\htdocs\Plantillas Exlusivas\EC-Grocery Store\"
		Debug.AspNetCompiler.TargetPath = "PrecompiledWeb\localhost_2961\"
		Debug.AspNetCompiler.Updateable = "true"
		Debug.AspNetCompiler.ForceOverwrite = "true"
		Debug.AspNetCompiler.FixedNames = "false"
		Debug.AspNetCompiler.Debug = "True"
		Release.AspNetCompiler.VirtualPath = "/localhost_2961"
		Release.AspNetCompiler.PhysicalPath = "..\..\..\..\..\..\..\xampp\htdocs\Plantillas Exlusivas\EC-Grocery Store\"
		Release.AspNetCompiler.TargetPath = "PrecompiledWeb\localhost_2961\"
		Release.AspNetCompiler.Updateable = "true"
		Release.AspNetCompiler.ForceOverwrite = "true"
		Release.AspNetCompiler.FixedNames = "false"
		Release.AspNetCompiler.Debug = "False"
		VWDPort = "2961"
		SlnRelativePath = "..\..\..\..\..\..\..\xampp\htdocs\Plantillas Exlusivas\EC-Grocery Store\"
	EndProjectSection
EndProject
Global
	GlobalSection(SolutionConfigurationPlatforms) = preSolution
		Debug|Any CPU = Debug|Any CPU
		Release|Any CPU = Release|Any CPU
	EndGlobalSection
	GlobalSection(ProjectConfigurationPlatforms) = postSolution
		{1DB21233-27A9-4131-AC0E-D82F0B302DD1}.Debug|Any CPU.ActiveCfg = Debug|Any CPU
		{1DB21233-27A9-4131-AC0E-D82F0B302DD1}.Debug|Any CPU.Build.0 = Debug|Any CPU
		{1DB21233-27A9-4131-AC0E-D82F0B302DD1}.Release|Any CPU.ActiveCfg = Release|Any CPU
		{1DB21233-27A9-4131-AC0E-D82F0B302DD1}.Release|Any CPU.Build.0 = Release|Any CPU
		{95004B4D-BDD8-472C-A2A2-2762FC460C3C}.Debug|Any CPU.ActiveCfg = Debug|Any CPU
		{95004B4D-BDD8-472C-A2A2-2762FC460C3C}.Debug|Any CPU.Build.0 = Debug|Any CPU
		{95004B4D-BDD8-472C-A2A2-2762FC460C3C}.Release|Any CPU.ActiveCfg = Debug|Any CPU
		{95004B4D-BDD8-472C-A2A2-2762FC460C3C}.Release|Any CPU.Build.0 = Debug|Any CPU
	EndGlobalSection
	GlobalSection(SolutionProperties) = preSolution
		HideSolutionNode = FALSE
	EndGlobalSection
EndGlobal
